{
  "version": 4,
  "terraform_version": "1.3.2",
  "serial": 2,
  "lineage": "8f98ee8e-dcdf-66a5-84f6-bb1d8d62f14e",
  "outputs": {},
  "resources": [
    {
      "mode": "managed",
      "type": "local_file",
      "name": "first-file",
      "provider": "provider[\"registry.terraform.io/hashicorp/local\"]",
      "instances": [
        {
          "schema_version": 0,
          "attributes": {
            "content": "Hello this is from terraform",
            "content_base64": null,
            "content_base64sha256": "UyLb/hqJddskdE6hi/2iLjTsV4Z85W7wQHw4S8UzpcY=",
            "content_base64sha512": "WlmNxxgs925mlnmDpkxGUyV80Bgx6EmqjtibI/cNfDzudOOQFh+EP5E7IccCGQVwHksC9OYU+PJ9zYzdvdMNeA==",
            "content_md5": "eb3e4fdc8c412a7c31bdf2e5c8b845ea",
            "content_sha1": "a432dd76fd618c34b9c09e2ab80c040082a311ca",
            "content_sha256": "5322dbfe1a8975db24744ea18bfda22e34ec57867ce56ef0407c384bc533a5c6",
            "content_sha512": "5a598dc7182cf76e66967983a64c4653257cd01831e849aa8ed89b23f70d7c3cee74e390161f843f913b21c7021905701e4b02f4e614f8f27dcd8cddbdd30d78",
            "directory_permission": "0777",
            "file_permission": "0777",
            "filename": "./hello.txt",
            "id": "a432dd76fd618c34b9c09e2ab80c040082a311ca",
            "sensitive_content": null,
            "source": null
          },
          "sensitive_attributes": []
        }
      ]
    }
  ],
  "check_results": []
}
