{
  "version": 4,
  "terraform_version": "1.3.2",
  "serial": 69,
  "lineage": "c13b2206-64f7-394f-5760-f17d1083c5c7",
  "outputs": {},
  "resources": [
    {
      "mode": "managed",
      "type": "local_file",
      "name": "practice_terraform",
      "provider": "provider[\"registry.terraform.io/hashicorp/local\"]",
      "instances": [
        {
          "schema_version": 0,
          "attributes": {
            "content": "This is my forst terraform template in local file",
            "content_base64": null,
            "directory_permission": "0777",
            "file_permission": "0777",
            "filename": "/devops/local_file.txt",
            "id": "23b9fb4e1244cb830e157e72c7aca7993932b8cd",
            "sensitive_content": null,
            "source": null
          },
          "sensitive_attributes": [],
          "private": "bnVsbA=="
        }
      ]
    },
    {
      "mode": "managed",
      "type": "random_pet",
      "name": "my_pet",
      "provider": "provider[\"registry.terraform.io/hashicorp/random\"]",
      "instances": [
        {
          "schema_version": 0,
          "attributes": {
            "id": "Mr-actively-legally-frequently-sensibly-roughly-intensely-climbing-vulture",
            "keepers": null,
            "length": 8,
            "prefix": "Mr",
            "separator": "-"
          },
          "sensitive_attributes": []
        }
      ]
    }
  ],
  "check_results": []
}
